{
  "version": 4,
  "terraform_version": "0.13.4",
  "serial": 9,
  "lineage": "9f362a18-ddec-19c1-5ccb-ead831fca864",
  "outputs": {
    "ARN": {
      "value": "arn:aws:ec2:us-east-1:853394572982:vpc/vpc-0eb63ce2d01396222",
      "type": "string"
    },
    "VPC_ID": {
      "value": "vpc-0eb63ce2d01396222",
      "type": "string"
    },
    "default_network_acl_id": {
      "value": "acl-0532093e6071ed905",
      "type": "string"
    },
    "default_route_table_id": {
      "value": "rtb-079a6605c7aafb9f4",
      "type": "string"
    },
    "default_security_group_id": {
      "value": "sg-0f0baa65f5126090c",
      "type": "string"
    },
    "instance_tenancy": {
      "value": "default",
      "type": "string"
    },
    "main_route_table_id": {
      "value": "rtb-079a6605c7aafb9f4",
      "type": "string"
    }
  },
  "resources": [
    {
      "mode": "managed",
      "type": "aws_vpc",
      "name": "my_vpc",
      "provider": "provider[\"registry.terraform.io/hashicorp/aws\"]",
      "instances": [
        {
          "schema_version": 1,
          "attributes": {
            "arn": "arn:aws:ec2:us-east-1:853394572982:vpc/vpc-0eb63ce2d01396222",
            "assign_generated_ipv6_cidr_block": false,
            "cidr_block": "10.0.0.0/24",
            "default_network_acl_id": "acl-0532093e6071ed905",
            "default_route_table_id": "rtb-079a6605c7aafb9f4",
            "default_security_group_id": "sg-0f0baa65f5126090c",
            "dhcp_options_id": "dopt-23214359",
            "enable_classiclink": false,
            "enable_classiclink_dns_support": false,
            "enable_dns_hostnames": false,
            "enable_dns_support": true,
            "id": "vpc-0eb63ce2d01396222",
            "instance_tenancy": "default",
            "ipv6_association_id": "",
            "ipv6_cidr_block": "",
            "main_route_table_id": "rtb-079a6605c7aafb9f4",
            "owner_id": "853394572982",
            "tags": {
              "name": "myvpc"
            }
          },
          "private": "eyJzY2hlbWFfdmVyc2lvbiI6IjEifQ=="
        }
      ]
    }
  ]
}
