{
  "version": 4,
  "terraform_version": "0.13.4",
  "serial": 7,
  "lineage": "70d246c4-3e2a-ad32-8d32-c5f9421525e0",
  "outputs": {
    "BUCKET_ARN": {
      "value": "arn:aws:s3:::lalitoctbucket",
      "type": "string"
    },
    "BUCKET_DOMAIN_NAME": {
      "value": "lalitoctbucket.s3.amazonaws.com",
      "type": "string"
    },
    "BUCKET_REGION": {
      "value": "us-east-1",
      "type": "string"
    }
  },
  "resources": [
    {
      "mode": "managed",
      "type": "aws_s3_bucket",
      "name": "bucket",
      "provider": "provider[\"registry.terraform.io/hashicorp/aws\"]",
      "instances": [
        {
          "schema_version": 0,
          "attributes": {
            "acceleration_status": "",
            "acl": "private",
            "arn": "arn:aws:s3:::lalitoctbucket",
            "bucket": "lalitoctbucket",
            "bucket_domain_name": "lalitoctbucket.s3.amazonaws.com",
            "bucket_prefix": null,
            "bucket_regional_domain_name": "lalitoctbucket.s3.amazonaws.com",
            "cors_rule": [],
            "force_destroy": false,
            "grant": [],
            "hosted_zone_id": "Z3AQBSTGFYJSTF",
            "id": "lalitoctbucket",
            "lifecycle_rule": [],
            "logging": [],
            "object_lock_configuration": [],
            "policy": null,
            "region": "us-east-1",
            "replication_configuration": [],
            "request_payer": "BucketOwner",
            "server_side_encryption_configuration": [],
            "tags": null,
            "versioning": [
              {
                "enabled": true,
                "mfa_delete": false
              }
            ],
            "website": [],
            "website_domain": null,
            "website_endpoint": null
          },
          "private": "bnVsbA=="
        }
      ]
    }
  ]
}
