{
  "version": 4,
  "terraform_version": "0.13.4",
  "serial": 39,
  "lineage": "42545717-27cd-541a-8c81-44aaef57eac5",
  "outputs": {
    "policy_document": {
      "value": "{\r\n    \"Version\": \"2012-10-17\",\r\n    \"Statement\": [\r\n        {\r\n            \"Sid\": \"VisualEditor0\",\r\n            \"Effect\": \"Allow\",\r\n            \"Action\": [\r\n                \"ec2:DeleteTags\",\r\n                \"ec2:CreateTags\"\r\n            ],\r\n            \"Resource\": \"*\"\r\n        }\r\n    ]\r\n}\r\n",
      "type": "string"
    },
    "unique_ID": {
      "value": "AIDA4NMSHY23PYHSQOZIL",
      "type": "string"
    }
  },
  "resources": [
    {
      "mode": "managed",
      "type": "aws_iam_group",
      "name": "lalitgroup",
      "provider": "provider[\"registry.terraform.io/hashicorp/aws\"]",
      "instances": [
        {
          "schema_version": 0,
          "attributes": {
            "arn": "arn:aws:iam::853394572982:group/lalitgroup",
            "id": "lalitgroup",
            "name": "lalitgroup",
            "path": "/",
            "unique_id": "AGPA4NMSHY23AKQJXT5DU"
          },
          "private": "bnVsbA=="
        }
      ]
    },
    {
      "mode": "managed",
      "type": "aws_iam_group_membership",
      "name": "membership",
      "provider": "provider[\"registry.terraform.io/hashicorp/aws\"]",
      "instances": [
        {
          "schema_version": 0,
          "attributes": {
            "group": "lalitgroup",
            "id": "group_membership",
            "name": "group_membership",
            "users": [
              "user1terraform",
              "user2terraform"
            ]
          },
          "private": "bnVsbA==",
          "dependencies": [
            "aws_iam_group.lalitgroup",
            "aws_iam_user.user1",
            "aws_iam_user.user2"
          ]
        }
      ]
    },
    {
      "mode": "managed",
      "type": "aws_iam_policy",
      "name": "firstpolicy",
      "provider": "provider[\"registry.terraform.io/hashicorp/aws\"]",
      "instances": [
        {
          "schema_version": 0,
          "attributes": {
            "arn": "arn:aws:iam::853394572982:policy/firstpolicy",
            "description": "",
            "id": "arn:aws:iam::853394572982:policy/firstpolicy",
            "name": "firstpolicy",
            "name_prefix": null,
            "path": "/",
            "policy": "{\r\n    \"Version\": \"2012-10-17\",\r\n    \"Statement\": [\r\n        {\r\n            \"Sid\": \"VisualEditor0\",\r\n            \"Effect\": \"Allow\",\r\n            \"Action\": [\r\n                \"ec2:DeleteTags\",\r\n                \"ec2:CreateTags\"\r\n            ],\r\n            \"Resource\": \"*\"\r\n        }\r\n    ]\r\n}\r\n"
          },
          "private": "bnVsbA=="
        }
      ]
    },
    {
      "mode": "managed",
      "type": "aws_iam_policy_attachment",
      "name": "policy_attach",
      "provider": "provider[\"registry.terraform.io/hashicorp/aws\"]",
      "instances": [
        {
          "schema_version": 0,
          "attributes": {
            "groups": [
              "lalitgroup"
            ],
            "id": "policy_attachment",
            "name": "policy_attachment",
            "policy_arn": "arn:aws:iam::853394572982:policy/firstpolicy",
            "roles": null,
            "users": [
              "lalituser3tf",
              "user1terraform",
              "user2terraform"
            ]
          },
          "private": "bnVsbA==",
          "dependencies": [
            "aws_iam_group.lalitgroup",
            "aws_iam_policy.firstpolicy",
            "aws_iam_user.user1",
            "aws_iam_user.user2",
            "aws_iam_user.user3"
          ]
        }
      ]
    },
    {
      "mode": "managed",
      "type": "aws_iam_user",
      "name": "user1",
      "provider": "provider[\"registry.terraform.io/hashicorp/aws\"]",
      "instances": [
        {
          "schema_version": 0,
          "attributes": {
            "arn": "arn:aws:iam::853394572982:user/user1terraform",
            "force_destroy": false,
            "id": "user1terraform",
            "name": "user1terraform",
            "path": "/",
            "permissions_boundary": null,
            "tags": null,
            "unique_id": "AIDA4NMSHY23PYHSQOZIL"
          },
          "private": "bnVsbA=="
        }
      ]
    },
    {
      "mode": "managed",
      "type": "aws_iam_user",
      "name": "user2",
      "provider": "provider[\"registry.terraform.io/hashicorp/aws\"]",
      "instances": [
        {
          "schema_version": 0,
          "attributes": {
            "arn": "arn:aws:iam::853394572982:user/user2terraform",
            "force_destroy": false,
            "id": "user2terraform",
            "name": "user2terraform",
            "path": "/",
            "permissions_boundary": null,
            "tags": null,
            "unique_id": "AIDA4NMSHY23AR7J6QCHS"
          },
          "private": "bnVsbA=="
        }
      ]
    },
    {
      "mode": "managed",
      "type": "aws_iam_user",
      "name": "user3",
      "provider": "provider[\"registry.terraform.io/hashicorp/aws\"]",
      "instances": [
        {
          "schema_version": 0,
          "attributes": {
            "arn": "arn:aws:iam::853394572982:user/lalituser3tf",
            "force_destroy": false,
            "id": "lalituser3tf",
            "name": "lalituser3tf",
            "path": "/",
            "permissions_boundary": null,
            "tags": null,
            "unique_id": "AIDA4NMSHY23HJLAO4SAM"
          },
          "private": "bnVsbA=="
        }
      ]
    }
  ]
}
